
Microsoft Visual Studio Solution File, Format Version 12.00
# Visual Studio 15
VisualStudioVersion = 15.0.26228.4
MinimumVisualStudioVersion = 10.0.40219.1
Project("{FAE04EC0-301F-11D3-BF4B-00C04F79EFBC}") = "XpdfNet", "XpdfNet\XpdfNet.csproj", "{CEA7D0D6-774B-48E6-BD1E-27360DEEE855}"
EndProject
Project("{FAE04EC0-301F-11D3-BF4B-00C04F79EFBC}") = "XpdfNet.Test", "XpdfNet.Test\XpdfNet.Test.csproj", "{044A852E-C3FD-4B92-9341-E16EE031F709}"
EndProject
Global
	GlobalSection(SolutionConfigurationPlatforms) = preSolution
		Debug|Any CPU = Debug|Any CPU
		Release|Any CPU = Release|Any CPU
	EndGlobalSection
	GlobalSection(ProjectConfigurationPlatforms) = postSolution
		{CEA7D0D6-774B-48E6-BD1E-27360DEEE855}.Debug|Any CPU.ActiveCfg = Debug|Any CPU
		{CEA7D0D6-774B-48E6-BD1E-27360DEEE855}.Debug|Any CPU.Build.0 = Debug|Any CPU
		{CEA7D0D6-774B-48E6-BD1E-27360DEEE855}.Release|Any CPU.ActiveCfg = Release|Any CPU
		{CEA7D0D6-774B-48E6-BD1E-27360DEEE855}.Release|Any CPU.Build.0 = Release|Any CPU
		{044A852E-C3FD-4B92-9341-E16EE031F709}.Debug|Any CPU.ActiveCfg = Debug|Any CPU
		{044A852E-C3FD-4B92-9341-E16EE031F709}.Debug|Any CPU.Build.0 = Debug|Any CPU
		{044A852E-C3FD-4B92-9341-E16EE031F709}.Release|Any CPU.ActiveCfg = Release|Any CPU
		{044A852E-C3FD-4B92-9341-E16EE031F709}.Release|Any CPU.Build.0 = Release|Any CPU
	EndGlobalSection
	GlobalSection(SolutionProperties) = preSolution
		HideSolutionNode = FALSE
	EndGlobalSection
EndGlobal
